// !$*UTF8*$!
{
	archiveVersion = 1;
	classes = {
	};
	objectVersion = 46;
	objects = {

/* Begin PBXBuildFile section */
		04244E301F21FB210016C7F9 /* CommonHtml5Controller.m in Sources */ = {isa = PBXBuildFile; fileRef = 04244E2B1F21FB210016C7F9 /* CommonHtml5Controller.m */; };
		04244E311F21FB210016C7F9 /* MTWebProgressLayer.m in Sources */ = {isa = PBXBuildFile; fileRef = 04244E2D1F21FB210016C7F9 /* MTWebProgressLayer.m */; };
		04244E321F21FB210016C7F9 /* NSTimer+MTAddition.m in Sources */ = {isa = PBXBuildFile; fileRef = 04244E2F1F21FB210016C7F9 /* NSTimer+MTAddition.m */; };
		04FE6DD81F20941700CEAED9 /* main.m in Sources */ = {isa = PBXBuildFile; fileRef = 04FE6DD71F20941700CEAED9 /* main.m */; };
		04FE6DDB1F20941700CEAED9 /* AppDelegate.m in Sources */ = {isa = PBXBuildFile; fileRef = 04FE6DDA1F20941700CEAED9 /* AppDelegate.m */; };
		04FE6DDE1F20941700CEAED9 /* ViewController.m in Sources */ = {isa = PBXBuildFile; fileRef = 04FE6DDD1F20941700CEAED9 /* ViewController.m */; };
		04FE6DE11F20941700CEAED9 /* Main.storyboard in Resources */ = {isa = PBXBuildFile; fileRef = 04FE6DDF1F20941700CEAED9 /* Main.storyboard */; };
		04FE6DE31F20941700CEAED9 /* Assets.xcassets in Resources */ = {isa = PBXBuildFile; fileRef = 04FE6DE21F20941700CEAED9 /* Assets.xcassets */; };
		04FE6DE61F20941700CEAED9 /* LaunchScreen.storyboard in Resources */ = {isa = PBXBuildFile; fileRef = 04FE6DE41F20941700CEAED9 /* LaunchScreen.storyboard */; };
		04FE6DEF1F2096E100CEAED9 /* MTSegmentedControl.m in Sources */ = {isa = PBXBuildFile; fileRef = 04FE6DEE1F2096E100CEAED9 /* MTSegmentedControl.m */; };
/* End PBXBuildFile section */

/* Begin PBXFileReference section */
		04244E2A1F21FB210016C7F9 /* CommonHtml5Controller.h */ = {isa = PBXFileReference; fileEncoding = 4; lastKnownFileType = sourcecode.c.h; path = CommonHtml5Controller.h; sourceTree = "<group>"; };
		04244E2B1F21FB210016C7F9 /* CommonHtml5Controller.m */ = {isa = PBXFileReference; fileEncoding = 4; lastKnownFileType = sourcecode.c.objc; path = CommonHtml5Controller.m; sourceTree = "<group>"; };
		04244E2C1F21FB210016C7F9 /* MTWebProgressLayer.h */ = {isa = PBXFileReference; fileEncoding = 4; lastKnownFileType = sourcecode.c.h; path = MTWebProgressLayer.h; sourceTree = "<group>"; };
		04244E2D1F21FB210016C7F9 /* MTWebProgressLayer.m */ = {isa = PBXFileReference; fileEncoding = 4; lastKnownFileType = sourcecode.c.objc; path = MTWebProgressLayer.m; sourceTree = "<group>"; };
		04244E2E1F21FB210016C7F9 /* NSTimer+MTAddition.h */ = {isa = PBXFileReference; fileEncoding = 4; lastKnownFileType = sourcecode.c.h; path = "NSTimer+MTAddition.h"; sourceTree = "<group>"; };
		04244E2F1F21FB210016C7F9 /* NSTimer+MTAddition.m */ = {isa = PBXFileReference; fileEncoding = 4; lastKnownFileType = sourcecode.c.objc; path = "NSTimer+MTAddition.m"; sourceTree = "<group>"; };
		04FE6DD31F20941700CEAED9 /* tableview -- 多界面切换.app */ = {isa = PBXFileReference; explicitFileType = wrapper.application; includeInIndex = 0; path = "tableview -- 多界面切换.app"; sourceTree = BUILT_PRODUCTS_DIR; };
		04FE6DD71F20941700CEAED9 /* main.m */ = {isa = PBXFileReference; lastKnownFileType = sourcecode.c.objc; path = main.m; sourceTree = "<group>"; };
		04FE6DD91F20941700CEAED9 /* AppDelegate.h */ = {isa = PBXFileReference; lastKnownFileType = sourcecode.c.h; path = AppDelegate.h; sourceTree = "<group>"; };
		04FE6DDA1F20941700CEAED9 /* AppDelegate.m */ = {isa = PBXFileReference; lastKnownFileType = sourcecode.c.objc; path = AppDelegate.m; sourceTree = "<group>"; };
		04FE6DDC1F20941700CEAED9 /* ViewController.h */ = {isa = PBXFileReference; lastKnownFileType = sourcecode.c.h; path = ViewController.h; sourceTree = "<group>"; };
		04FE6DDD1F20941700CEAED9 /* ViewController.m */ = {isa = PBXFileReference; lastKnownFileType = sourcecode.c.objc; path = ViewController.m; sourceTree = "<group>"; };
		04FE6DE01F20941700CEAED9 /* Base */ = {isa = PBXFileReference; lastKnownFileType = file.storyboard; name = Base; path = Base.lproj/Main.storyboard; sourceTree = "<group>"; };
		04FE6DE21F20941700CEAED9 /* Assets.xcassets */ = {isa = PBXFileReference; lastKnownFileType = folder.assetcatalog; path = Assets.xcassets; sourceTree = "<group>"; };
		04FE6DE51F20941700CEAED9 /* Base */ = {isa = PBXFileReference; lastKnownFileType = file.storyboard; name = Base; path = Base.lproj/LaunchScreen.storyboard; sourceTree = "<group>"; };
		04FE6DE71F20941700CEAED9 /* Info.plist */ = {isa = PBXFileReference; lastKnownFileType = text.plist.xml; path = Info.plist; sourceTree = "<group>"; };
		04FE6DED1F2096E100CEAED9 /* MTSegmentedControl.h */ = {isa = PBXFileReference; fileEncoding = 4; lastKnownFileType = sourcecode.c.h; path = MTSegmentedControl.h; sourceTree = "<group>"; };
		04FE6DEE1F2096E100CEAED9 /* MTSegmentedControl.m */ = {isa = PBXFileReference; fileEncoding = 4; lastKnownFileType = sourcecode.c.objc; path = MTSegmentedControl.m; sourceTree = "<group>"; };
/* End PBXFileReference section */

/* Begin PBXFrameworksBuildPhase section */
		04FE6DD01F20941700CEAED9 /* Frameworks */ = {
			isa = PBXFrameworksBuildPhase;
			buildActionMask = 2147483647;
			files = (
			);
			runOnlyForDeploymentPostprocessing = 0;
		};
/* End PBXFrameworksBuildPhase section */

/* Begin PBXGroup section */
		04FE6DCA1F20941700CEAED9 = {
			isa = PBXGroup;
			children = (
				04FE6DD51F20941700CEAED9 /* tableview -- 多界面切换 */,
				04FE6DD41F20941700CEAED9 /* Products */,
			);
			sourceTree = "<group>";
		};
		04FE6DD41F20941700CEAED9 /* Products */ = {
			isa = PBXGroup;
			children = (
				04FE6DD31F20941700CEAED9 /* tableview -- 多界面切换.app */,
			);
			name = Products;
			sourceTree = "<group>";
		};
		04FE6DD51F20941700CEAED9 /* tableview -- 多界面切换 */ = {
			isa = PBXGroup;
			children = (
				04FE6DD91F20941700CEAED9 /* AppDelegate.h */,
				04FE6DDA1F20941700CEAED9 /* AppDelegate.m */,
				04FE6DDC1F20941700CEAED9 /* ViewController.h */,
				04FE6DDD1F20941700CEAED9 /* ViewController.m */,
				04FE6DED1F2096E100CEAED9 /* MTSegmentedControl.h */,
				04FE6DEE1F2096E100CEAED9 /* MTSegmentedControl.m */,
				04244E2A1F21FB210016C7F9 /* CommonHtml5Controller.h */,
				04244E2B1F21FB210016C7F9 /* CommonHtml5Controller.m */,
				04244E2C1F21FB210016C7F9 /* MTWebProgressLayer.h */,
				04244E2D1F21FB210016C7F9 /* MTWebProgressLayer.m */,
				04244E2E1F21FB210016C7F9 /* NSTimer+MTAddition.h */,
				04244E2F1F21FB210016C7F9 /* NSTimer+MTAddition.m */,
				04FE6DDF1F20941700CEAED9 /* Main.storyboard */,
				04FE6DE21F20941700CEAED9 /* Assets.xcassets */,
				04FE6DE41F20941700CEAED9 /* LaunchScreen.storyboard */,
				04FE6DE71F20941700CEAED9 /* Info.plist */,
				04FE6DD61F20941700CEAED9 /* Supporting Files */,
			);
			path = "tableview -- 多界面切换";
			sourceTree = "<group>";
		};
		04FE6DD61F20941700CEAED9 /* Supporting Files */ = {
			isa = PBXGroup;
			children = (
				04FE6DD71F20941700CEAED9 /* main.m */,
			);
			name = "Supporting Files";
			sourceTree = "<group>";
		};
/* End PBXGroup section */

/* Begin PBXNativeTarget section */
		04FE6DD21F20941700CEAED9 /* tableview -- 多界面切换 */ = {
			isa = PBXNativeTarget;
			buildConfigurationList = 04FE6DEA1F20941700CEAED9 /* Build configuration list for PBXNativeTarget "tableview -- 多界面切换" */;
			buildPhases = (
				04FE6DCF1F20941700CEAED9 /* Sources */,
				04FE6DD01F20941700CEAED9 /* Frameworks */,
				04FE6DD11F20941700CEAED9 /* Resources */,
			);
			buildRules = (
			);
			dependencies = (
			);
			name = "tableview -- 多界面切换";
			productName = "tableview -- 多界面切换";
			productReference = 04FE6DD31F20941700CEAED9 /* tableview -- 多界面切换.app */;
			productType = "com.apple.product-type.application";
		};
/* End PBXNativeTarget section */

/* Begin PBXProject section */
		04FE6DCB1F20941700CEAED9 /* Project object */ = {
			isa = PBXProject;
			attributes = {
				LastUpgradeCheck = 0830;
				ORGANIZATIONNAME = "镇微";
				TargetAttributes = {
					04FE6DD21F20941700CEAED9 = {
						CreatedOnToolsVersion = 8.3.2;
						ProvisioningStyle = Automatic;
					};
				};
			};
			buildConfigurationList = 04FE6DCE1F20941700CEAED9 /* Build configuration list for PBXProject "tableview -- 多界面切换" */;
			compatibilityVersion = "Xcode 3.2";
			developmentRegion = English;
			hasScannedForEncodings = 0;
			knownRegions = (
				en,
				Base,
			);
			mainGroup = 04FE6DCA1F20941700CEAED9;
			productRefGroup = 04FE6DD41F20941700CEAED9 /* Products */;
			projectDirPath = "";
			projectRoot = "";
			targets = (
				04FE6DD21F20941700CEAED9 /* tableview -- 多界面切换 */,
			);
		};
/* End PBXProject section */

/* Begin PBXResourcesBuildPhase section */
		04FE6DD11F20941700CEAED9 /* Resources */ = {
			isa = PBXResourcesBuildPhase;
			buildActionMask = 2147483647;
			files = (
				04FE6DE61F20941700CEAED9 /* LaunchScreen.storyboard in Resources */,
				04FE6DE31F20941700CEAED9 /* Assets.xcassets in Resources */,
				04FE6DE11F20941700CEAED9 /* Main.storyboard in Resources */,
			);
			runOnlyForDeploymentPostprocessing = 0;
		};
/* End PBXResourcesBuildPhase section */

/* Begin PBXSourcesBuildPhase section */
		04FE6DCF1F20941700CEAED9 /* Sources */ = {
			isa = PBXSourcesBuildPhase;
			buildActionMask = 2147483647;
			files = (
				04FE6DDE1F20941700CEAED9 /* ViewController.m in Sources */,
				04FE6DEF1F2096E100CEAED9 /* MTSegmentedControl.m in Sources */,
				04FE6DDB1F20941700CEAED9 /* AppDelegate.m in Sources */,
				04244E301F21FB210016C7F9 /* CommonHtml5Controller.m in Sources */,
				04244E311F21FB210016C7F9 /* MTWebProgressLayer.m in Sources */,
				04FE6DD81F20941700CEAED9 /* main.m in Sources */,
				04244E321F21FB210016C7F9 /* NSTimer+MTAddition.m in Sources */,
			);
			runOnlyForDeploymentPostprocessing = 0;
		};
/* End PBXSourcesBuildPhase section */

/* Begin PBXVariantGroup section */
		04FE6DDF1F20941700CEAED9 /* Main.storyboard */ = {
			isa = PBXVariantGroup;
			children = (
				04FE6DE01F20941700CEAED9 /* Base */,
			);
			name = Main.storyboard;
			sourceTree = "<group>";
		};
		04FE6DE41F20941700CEAED9 /* LaunchScreen.storyboard */ = {
			isa = PBXVariantGroup;
			children = (
				04FE6DE51F20941700CEAED9 /* Base */,
			);
			name = LaunchScreen.storyboard;
			sourceTree = "<group>";
		};
/* End PBXVariantGroup section */

/* Begin XCBuildConfiguration section */
		04FE6DE81F20941700CEAED9 /* Debug */ = {
			isa = XCBuildConfiguration;
			buildSettings = {
				ALWAYS_SEARCH_USER_PATHS = NO;
				CLANG_ANALYZER_NONNULL = YES;
				CLANG_ANALYZER_NUMBER_OBJECT_CONVERSION = YES_AGGRESSIVE;
				CLANG_CXX_LANGUAGE_STANDARD = "gnu++0x";
				CLANG_CXX_LIBRARY = "libc++";
				CLANG_ENABLE_MODULES = YES;
				CLANG_ENABLE_OBJC_ARC = YES;
				CLANG_WARN_BOOL_CONVERSION = YES;
				CLANG_WARN_CONSTANT_CONVERSION = YES;
				CLANG_WARN_DIRECT_OBJC_ISA_USAGE = YES_ERROR;
				CLANG_WARN_DOCUMENTATION_COMMENTS = YES;
				CLANG_WARN_EMPTY_BODY = YES;
				CLANG_WARN_ENUM_CONVERSION = YES;
				CLANG_WARN_INFINITE_RECURSION = YES;
				CLANG_WARN_INT_CONVERSION = YES;
				CLANG_WARN_OBJC_ROOT_CLASS = YES_ERROR;
				CLANG_WARN_SUSPICIOUS_MOVE = YES;
				CLANG_WARN_UNREACHABLE_CODE = YES;
				CLANG_WARN__DUPLICATE_METHOD_MATCH = YES;
				"CODE_SIGN_IDENTITY[sdk=iphoneos*]" = "iPhone Developer";
				COPY_PHASE_STRIP = NO;
				DEBUG_INFORMATION_FORMAT = dwarf;
				ENABLE_STRICT_OBJC_MSGSEND = YES;
				ENABLE_TESTABILITY = YES;
				GCC_C_LANGUAGE_STANDARD = gnu99;
				GCC_DYNAMIC_NO_PIC = NO;
				GCC_NO_COMMON_BLOCKS = YES;
				GCC_OPTIMIZATION_LEVEL = 0;
				GCC_PREPROCESSOR_DEFINITIONS = (
					"DEBUG=1",
					"$(inherited)",
				);
				GCC_WARN_64_TO_32_BIT_CONVERSION = YES;
				GCC_WARN_ABOUT_RETURN_TYPE = YES_ERROR;
				GCC_WARN_UNDECLARED_SELECTOR = YES;
				GCC_WARN_UNINITIALIZED_AUTOS = YES_AGGRESSIVE;
				GCC_WARN_UNUSED_FUNCTION = YES;
				GCC_WARN_UNUSED_VARIABLE = YES;
				IPHONEOS_DEPLOYMENT_TARGET = 10.3;
				MTL_ENABLE_DEBUG_INFO = YES;
				ONLY_ACTIVE_ARCH = YES;
				SDKROOT = iphoneos;
			};
			name = Debug;
		};
		04FE6DE91F20941700CEAED9 /* Release */ = {
			isa = XCBuildConfiguration;
			buildSettings = {
				ALWAYS_SEARCH_USER_PATHS = NO;
				CLANG_ANALYZER_NONNULL = YES;
				CLANG_ANALYZER_NUMBER_OBJECT_CONVERSION = YES_AGGRESSIVE;
				CLANG_CXX_LANGUAGE_STANDARD = "gnu++0x";
				CLANG_CXX_LIBRARY = "libc++";
				CLANG_ENABLE_MODULES = YES;
				CLANG_ENABLE_OBJC_ARC = YES;
				CLANG_WARN_BOOL_CONVERSION = YES;
				CLANG_WARN_CONSTANT_CONVERSION = YES;
				CLANG_WARN_DIRECT_OBJC_ISA_USAGE = YES_ERROR;
				CLANG_WARN_DOCUMENTATION_COMMENTS = YES;
				CLANG_WARN_EMPTY_BODY = YES;
				CLANG_WARN_ENUM_CONVERSION = YES;
				CLANG_WARN_INFINITE_RECURSION = YES;
				CLANG_WARN_INT_CONVERSION = YES;
				CLANG_WARN_OBJC_ROOT_CLASS = YES_ERROR;
				CLANG_WARN_SUSPICIOUS_MOVE = YES;
				CLANG_WARN_UNREACHABLE_CODE = YES;
				CLANG_WARN__DUPLICATE_METHOD_MATCH = YES;
				"CODE_SIGN_IDENTITY[sdk=iphoneos*]" = "iPhone Developer";
				COPY_PHASE_STRIP = NO;
				DEBUG_INFORMATION_FORMAT = "dwarf-with-dsym";
				ENABLE_NS_ASSERTIONS = NO;
				ENABLE_STRICT_OBJC_MSGSEND = YES;
				GCC_C_LANGUAGE_STANDARD = gnu99;
				GCC_NO_COMMON_BLOCKS = YES;
				GCC_WARN_64_TO_32_BIT_CONVERSION = YES;
				GCC_WARN_ABOUT_RETURN_TYPE = YES_ERROR;
				GCC_WARN_UNDECLARED_SELECTOR = YES;
				GCC_WARN_UNINITIALIZED_AUTOS = YES_AGGRESSIVE;
				GCC_WARN_UNUSED_FUNCTION = YES;
				GCC_WARN_UNUSED_VARIABLE = YES;
				IPHONEOS_DEPLOYMENT_TARGET = 10.3;
				MTL_ENABLE_DEBUG_INFO = NO;
				SDKROOT = iphoneos;
				VALIDATE_PRODUCT = YES;
			};
			name = Release;
		};
		04FE6DEB1F20941700CEAED9 /* Debug */ = {
			isa = XCBuildConfiguration;
			buildSettings = {
				ASSETCATALOG_COMPILER_APPICON_NAME = AppIcon;
				INFOPLIST_FILE = "tableview -- 多界面切换/Info.plist";
				LD_RUNPATH_SEARCH_PATHS = "$(inherited) @executable_path/Frameworks";
				PRODUCT_BUNDLE_IDENTIFIER = "com.jimmy.tableview---------";
				PRODUCT_NAME = "$(TARGET_NAME)";
			};
			name = Debug;
		};
		04FE6DEC1F20941700CEAED9 /* Release */ = {
			isa = XCBuildConfiguration;
			buildSettings = {
				ASSETCATALOG_COMPILER_APPICON_NAME = AppIcon;
				INFOPLIST_FILE = "tableview -- 多界面切换/Info.plist";
				LD_RUNPATH_SEARCH_PATHS = "$(inherited) @executable_path/Frameworks";
				PRODUCT_BUNDLE_IDENTIFIER = "com.jimmy.tableview---------";
				PRODUCT_NAME = "$(TARGET_NAME)";
			};
			name = Release;
		};
/* End XCBuildConfiguration section */

/* Begin XCConfigurationList section */
		04FE6DCE1F20941700CEAED9 /* Build configuration list for PBXProject "tableview -- 多界面切换" */ = {
			isa = XCConfigurationList;
			buildConfigurations = (
				04FE6DE81F20941700CEAED9 /* Debug */,
				04FE6DE91F20941700CEAED9 /* Release */,
			);
			defaultConfigurationIsVisible = 0;
			defaultConfigurationName = Release;
		};
		04FE6DEA1F20941700CEAED9 /* Build configuration list for PBXNativeTarget "tableview -- 多界面切换" */ = {
			isa = XCConfigurationList;
			buildConfigurations = (
				04FE6DEB1F20941700CEAED9 /* Debug */,
				04FE6DEC1F20941700CEAED9 /* Release */,
			);
			defaultConfigurationIsVisible = 0;
			defaultConfigurationName = Release;
		};
/* End XCConfigurationList section */
	};
	rootObject = 04FE6DCB1F20941700CEAED9 /* Project object */;
}
